{
  "name": "hmacsha1",
  "version": "1.0.0",
  "lockfileVersion": 3,
  "requires": true,
  "packages": {
    "": {
      "name": "hmacsha1",
      "version": "1.0.0",
      "license": "ISC",
      "dependencies": {
        "hmacsha1": "^1.0.0"
      }
    },
    "node_modules/hmacsha1": {
      "version": "1.0.0",
      "resolved": "https://registry.npmjs.org/hmacsha1/-/hmacsha1-1.0.0.tgz",
      "integrity": "sha512-4FP6J0oI8jqb6gLLl9tSwVdosWJ/AKSGJ+HwYf6Ixe4MUcEkst4uWzpVQrNOCin0fzTRQbXV8ePheU8WiiDYBw=="
    }
  }
}
